
Microsoft Visual Studio Solution File, Format Version 12.00
# Visual Studio 15
VisualStudioVersion = 15.0.28010.2036
MinimumVisualStudioVersion = 10.0.40219.1
Project("{FAE04EC0-301F-11D3-BF4B-00C04F79EFBC}") = "TietorakenteetAlgoritmit", "TietorakenteetAlgoritmit\TietorakenteetAlgoritmit.csproj", "{767165F1-1A15-4FC6-89D7-CFCAB7ED085B}"
EndProject
Project("{FAE04EC0-301F-11D3-BF4B-00C04F79EFBC}") = "Kotitehtavat1", "Kotitehtavat1\Kotitehtavat1.csproj", "{81B57E7C-C73E-4752-80E4-EA00A263D496}"
EndProject
Project("{FAE04EC0-301F-11D3-BF4B-00C04F79EFBC}") = "Tuntitehtavat1", "Tuntitehtavat1\Tuntitehtavat1.csproj", "{5A8D2547-0B18-4F0B-B6E1-6913AF8F9CCA}"
EndProject
Global
	GlobalSection(SolutionConfigurationPlatforms) = preSolution
		Debug|Any CPU = Debug|Any CPU
		Release|Any CPU = Release|Any CPU
	EndGlobalSection
	GlobalSection(ProjectConfigurationPlatforms) = postSolution
		{767165F1-1A15-4FC6-89D7-CFCAB7ED085B}.Debug|Any CPU.ActiveCfg = Debug|Any CPU
		{767165F1-1A15-4FC6-89D7-CFCAB7ED085B}.Debug|Any CPU.Build.0 = Debug|Any CPU
		{767165F1-1A15-4FC6-89D7-CFCAB7ED085B}.Release|Any CPU.ActiveCfg = Release|Any CPU
		{767165F1-1A15-4FC6-89D7-CFCAB7ED085B}.Release|Any CPU.Build.0 = Release|Any CPU
		{81B57E7C-C73E-4752-80E4-EA00A263D496}.Debug|Any CPU.ActiveCfg = Debug|Any CPU
		{81B57E7C-C73E-4752-80E4-EA00A263D496}.Debug|Any CPU.Build.0 = Debug|Any CPU
		{81B57E7C-C73E-4752-80E4-EA00A263D496}.Release|Any CPU.ActiveCfg = Release|Any CPU
		{81B57E7C-C73E-4752-80E4-EA00A263D496}.Release|Any CPU.Build.0 = Release|Any CPU
		{5A8D2547-0B18-4F0B-B6E1-6913AF8F9CCA}.Debug|Any CPU.ActiveCfg = Debug|Any CPU
		{5A8D2547-0B18-4F0B-B6E1-6913AF8F9CCA}.Debug|Any CPU.Build.0 = Debug|Any CPU
		{5A8D2547-0B18-4F0B-B6E1-6913AF8F9CCA}.Release|Any CPU.ActiveCfg = Release|Any CPU
		{5A8D2547-0B18-4F0B-B6E1-6913AF8F9CCA}.Release|Any CPU.Build.0 = Release|Any CPU
	EndGlobalSection
	GlobalSection(SolutionProperties) = preSolution
		HideSolutionNode = FALSE
	EndGlobalSection
	GlobalSection(ExtensibilityGlobals) = postSolution
		SolutionGuid = {9C6FDCC6-9B4F-4F37-BFA9-B5D3F557933A}
	EndGlobalSection
EndGlobal
